# THIS IS AN AUTOGENERATED FILE. DO NOT EDIT THIS FILE DIRECTLY.
# yarn lockfile v1


commander@~2.12.1:
  version "2.12.2"
  resolved "https://registry.yarnpkg.com/commander/-/commander-2.12.2.tgz#0f5946c427ed9ec0d91a46bb9def53e54650e555"

source-map@~0.6.1:
  version "0.6.1"
  resolved "https://registry.yarnpkg.com/source-map/-/source-map-0.6.1.tgz#74722af32e9614e9c287a8d0bbde48b5e2f1a263"

uglify-es@^3.3.4:
  version "3.3.4"
  resolved "https://registry.yarnpkg.com/uglify-es/-/uglify-es-3.3.4.tgz#2d592678791e5310456bbc95e952139e3b13167a"
  dependencies:
    commander "~2.12.1"
    source-map "~0.6.1"
